# This file is automatically @generated by Cargo.
# It is not intended for manual editing.
version = 4

[[package]]
name = "ai_platform"
version = "0.1.0"
dependencies = [
 "data_extraction_engine",
 "dom_engine",
]

[[package]]
name = "automation_platform"
version = "0.1.0"
dependencies = [
 "browser_shell",
 "dom_engine",
]

[[package]]
name = "browser_shell"
version = "0.1.0"
dependencies = [
 "core_engine",
 "dom_engine",
 "layout_engine",
 "networking_stack",
 "painting_engine",
 "rendering_engine",
]

[[package]]
name = "core_engine"
version = "0.1.0"

[[package]]
name = "data_extraction_engine"
version = "0.1.0"
dependencies = [
 "dom_engine",
]

[[package]]
name = "devtools_platform"
version = "0.1.0"
dependencies = [
 "dom_engine",
 "networking_stack",
]

[[package]]
name = "distributed_browser_cluster"
version = "0.1.0"

[[package]]
name = "dom_engine"
version = "0.1.0"

[[package]]
name = "event_system"
version = "0.1.0"

[[package]]
name = "extension_system"
version = "0.1.0"

[[package]]
name = "gpu_compositor"
version = "0.1.0"

[[package]]
name = "javascript_runtime"
version = "0.1.0"

[[package]]
name = "layout_engine"
version = "0.1.0"
dependencies = [
 "dom_engine",
 "rendering_engine",
]

[[package]]
name = "networking_stack"
version = "0.1.0"

[[package]]
name = "observability_system"
version = "0.1.0"

[[package]]
name = "painting_engine"
version = "0.1.0"
dependencies = [
 "layout_engine",
]

[[package]]
name = "rendering_engine"
version = "0.1.0"
dependencies = [
 "dom_engine",
]

[[package]]
name = "security_layer"
version = "0.1.0"

[[package]]
name = "storage_system"
version = "0.1.0"
